
Microsoft Visual Studio Solution File, Format Version 12.00
# Visual Studio Version 17
VisualStudioVersion = 17.3.32901.215
MinimumVisualStudioVersion = 10.0.40219.1
Project("{9A19103F-16F7-4668-BE54-9A1E7A4F7556}") = "BPGezinswetenschappen.API", "BPGezinswetenschappen\BPGezinswetenschappen.API.csproj", "{4906F4AD-A36B-4591-8321-8743EBB03F00}"
EndProject
Project("{FAE04EC0-301F-11D3-BF4B-00C04F79EFBC}") = "BPGezinswetenschappen.DAL", "BPGezinswetenschappen.DAL\BPGezinswetenschappen.DAL.csproj", "{E8457E5F-F172-4EAA-AA65-6815FCA3F1F7}"
EndProject
Global
	GlobalSection(SolutionConfigurationPlatforms) = preSolution
		Debug|Any CPU = Debug|Any CPU
		Release|Any CPU = Release|Any CPU
	EndGlobalSection
	GlobalSection(ProjectConfigurationPlatforms) = postSolution
		{4906F4AD-A36B-4591-8321-8743EBB03F00}.Debug|Any CPU.ActiveCfg = Debug|Any CPU
		{4906F4AD-A36B-4591-8321-8743EBB03F00}.Debug|Any CPU.Build.0 = Debug|Any CPU
		{4906F4AD-A36B-4591-8321-8743EBB03F00}.Release|Any CPU.ActiveCfg = Release|Any CPU
		{4906F4AD-A36B-4591-8321-8743EBB03F00}.Release|Any CPU.Build.0 = Release|Any CPU
		{E8457E5F-F172-4EAA-AA65-6815FCA3F1F7}.Debug|Any CPU.ActiveCfg = Debug|Any CPU
		{E8457E5F-F172-4EAA-AA65-6815FCA3F1F7}.Debug|Any CPU.Build.0 = Debug|Any CPU
		{E8457E5F-F172-4EAA-AA65-6815FCA3F1F7}.Release|Any CPU.ActiveCfg = Release|Any CPU
		{E8457E5F-F172-4EAA-AA65-6815FCA3F1F7}.Release|Any CPU.Build.0 = Release|Any CPU
	EndGlobalSection
	GlobalSection(SolutionProperties) = preSolution
		HideSolutionNode = FALSE
	EndGlobalSection
	GlobalSection(ExtensibilityGlobals) = postSolution
		SolutionGuid = {A0A3BAF6-7301-4382-B4D2-3B698E39B2D1}
	EndGlobalSection
EndGlobal
